
Microsoft Visual Studio Solution File, Format Version 12.00
# Visual Studio Version 16
VisualStudioVersion = 16.0.29215.179
MinimumVisualStudioVersion = 10.0.40219.1
Project("{FAE04EC0-301F-11D3-BF4B-00C04F79EFBC}") = "HearthstoneBot", "HearthstoneBot\HearthstoneBot.csproj", "{E5A91CBB-DC30-453B-AEA0-9F033E94AC21}"
EndProject
Project("{FAE04EC0-301F-11D3-BF4B-00C04F79EFBC}") = "HearthstoneBot.Test", "HearthstoneBot.Test\HearthstoneBot.Test.csproj", "{213D7E5B-4530-41C9-8467-17ECA354E997}"
EndProject
Global
	GlobalSection(SolutionConfigurationPlatforms) = preSolution
		Debug|Any CPU = Debug|Any CPU
		Debug|x86 = Debug|x86
		Release|Any CPU = Release|Any CPU
		Release|x86 = Release|x86
	EndGlobalSection
	GlobalSection(ProjectConfigurationPlatforms) = postSolution
		{E5A91CBB-DC30-453B-AEA0-9F033E94AC21}.Debug|Any CPU.ActiveCfg = Debug|Any CPU
		{E5A91CBB-DC30-453B-AEA0-9F033E94AC21}.Debug|Any CPU.Build.0 = Debug|Any CPU
		{E5A91CBB-DC30-453B-AEA0-9F033E94AC21}.Debug|x86.ActiveCfg = Debug|x86
		{E5A91CBB-DC30-453B-AEA0-9F033E94AC21}.Debug|x86.Build.0 = Debug|x86
		{E5A91CBB-DC30-453B-AEA0-9F033E94AC21}.Release|Any CPU.ActiveCfg = Release|Any CPU
		{E5A91CBB-DC30-453B-AEA0-9F033E94AC21}.Release|Any CPU.Build.0 = Release|Any CPU
		{E5A91CBB-DC30-453B-AEA0-9F033E94AC21}.Release|x86.ActiveCfg = Release|x86
		{E5A91CBB-DC30-453B-AEA0-9F033E94AC21}.Release|x86.Build.0 = Release|x86
		{213D7E5B-4530-41C9-8467-17ECA354E997}.Debug|Any CPU.ActiveCfg = Debug|Any CPU
		{213D7E5B-4530-41C9-8467-17ECA354E997}.Debug|Any CPU.Build.0 = Debug|Any CPU
		{213D7E5B-4530-41C9-8467-17ECA354E997}.Debug|x86.ActiveCfg = Debug|x86
		{213D7E5B-4530-41C9-8467-17ECA354E997}.Debug|x86.Build.0 = Debug|x86
		{213D7E5B-4530-41C9-8467-17ECA354E997}.Release|Any CPU.ActiveCfg = Release|Any CPU
		{213D7E5B-4530-41C9-8467-17ECA354E997}.Release|Any CPU.Build.0 = Release|Any CPU
		{213D7E5B-4530-41C9-8467-17ECA354E997}.Release|x86.ActiveCfg = Release|x86
		{213D7E5B-4530-41C9-8467-17ECA354E997}.Release|x86.Build.0 = Release|x86
	EndGlobalSection
	GlobalSection(SolutionProperties) = preSolution
		HideSolutionNode = FALSE
	EndGlobalSection
	GlobalSection(ExtensibilityGlobals) = postSolution
		SolutionGuid = {AD104828-DB45-4781-B7A4-F09E84E98277}
	EndGlobalSection
EndGlobal
